
Microsoft Visual Studio Solution File, Format Version 12.00
# Visual Studio 15
VisualStudioVersion = 15.0.27130.2027
MinimumVisualStudioVersion = 10.0.40219.1
Project("{FAE04EC0-301F-11D3-BF4B-00C04F79EFBC}") = "EnumsStatesAndStructures", "EnumsStatesAndStructures\EnumsStatesAndStructures.csproj", "{D615ED0F-3109-4513-A30D-504FD5A2B28C}"
EndProject
Project("{FAE04EC0-301F-11D3-BF4B-00C04F79EFBC}") = "TestingConsole", "TestingConsole\TestingConsole.csproj", "{CE38EDCD-5FEA-46AF-8485-505B9ED57B73}"
EndProject
Project("{FAE04EC0-301F-11D3-BF4B-00C04F79EFBC}") = "BankApp", "BankApp\BankApp.csproj", "{9F0E9D56-8B98-48FD-B362-B7BBDE7EFC6F}"
EndProject
Project("{FAE04EC0-301F-11D3-BF4B-00C04F79EFBC}") = "Arrays", "Arrays\Arrays.csproj", "{3148DD44-82D6-40CD-9DC4-3E1B0B30F986}"
EndProject
Project("{FAE04EC0-301F-11D3-BF4B-00C04F79EFBC}") = "Constructors", "..\..\..\laptop\t\Constructors\Constructors.csproj", "{32BA8304-03D1-4B4E-8FE7-29477ECCC519}"
EndProject
Project("{FAE04EC0-301F-11D3-BF4B-00C04F79EFBC}") = "Delegates", "..\..\..\laptop\t\Delegates\Delegates.csproj", "{E97353DF-5B51-4AE3-99F2-C1067EBC1C8D}"
EndProject
Project("{FAE04EC0-301F-11D3-BF4B-00C04F79EFBC}") = "ExceptionsAndErrors", "..\..\..\laptop\t\ExceptionsAndErrors\ExceptionsAndErrors.csproj", "{DBB5669B-832F-4786-8F3C-9175AF272193}"
EndProject
Global
	GlobalSection(SolutionConfigurationPlatforms) = preSolution
		Debug|Any CPU = Debug|Any CPU
		Release|Any CPU = Release|Any CPU
	EndGlobalSection
	GlobalSection(ProjectConfigurationPlatforms) = postSolution
		{D615ED0F-3109-4513-A30D-504FD5A2B28C}.Debug|Any CPU.ActiveCfg = Debug|Any CPU
		{D615ED0F-3109-4513-A30D-504FD5A2B28C}.Debug|Any CPU.Build.0 = Debug|Any CPU
		{D615ED0F-3109-4513-A30D-504FD5A2B28C}.Release|Any CPU.ActiveCfg = Release|Any CPU
		{D615ED0F-3109-4513-A30D-504FD5A2B28C}.Release|Any CPU.Build.0 = Release|Any CPU
		{CE38EDCD-5FEA-46AF-8485-505B9ED57B73}.Debug|Any CPU.ActiveCfg = Debug|Any CPU
		{CE38EDCD-5FEA-46AF-8485-505B9ED57B73}.Debug|Any CPU.Build.0 = Debug|Any CPU
		{CE38EDCD-5FEA-46AF-8485-505B9ED57B73}.Release|Any CPU.ActiveCfg = Release|Any CPU
		{CE38EDCD-5FEA-46AF-8485-505B9ED57B73}.Release|Any CPU.Build.0 = Release|Any CPU
		{9F0E9D56-8B98-48FD-B362-B7BBDE7EFC6F}.Debug|Any CPU.ActiveCfg = Debug|Any CPU
		{9F0E9D56-8B98-48FD-B362-B7BBDE7EFC6F}.Debug|Any CPU.Build.0 = Debug|Any CPU
		{9F0E9D56-8B98-48FD-B362-B7BBDE7EFC6F}.Release|Any CPU.ActiveCfg = Release|Any CPU
		{9F0E9D56-8B98-48FD-B362-B7BBDE7EFC6F}.Release|Any CPU.Build.0 = Release|Any CPU
		{3148DD44-82D6-40CD-9DC4-3E1B0B30F986}.Debug|Any CPU.ActiveCfg = Debug|Any CPU
		{3148DD44-82D6-40CD-9DC4-3E1B0B30F986}.Debug|Any CPU.Build.0 = Debug|Any CPU
		{3148DD44-82D6-40CD-9DC4-3E1B0B30F986}.Release|Any CPU.ActiveCfg = Release|Any CPU
		{3148DD44-82D6-40CD-9DC4-3E1B0B30F986}.Release|Any CPU.Build.0 = Release|Any CPU
		{32BA8304-03D1-4B4E-8FE7-29477ECCC519}.Debug|Any CPU.ActiveCfg = Debug|Any CPU
		{32BA8304-03D1-4B4E-8FE7-29477ECCC519}.Debug|Any CPU.Build.0 = Debug|Any CPU
		{32BA8304-03D1-4B4E-8FE7-29477ECCC519}.Release|Any CPU.ActiveCfg = Release|Any CPU
		{32BA8304-03D1-4B4E-8FE7-29477ECCC519}.Release|Any CPU.Build.0 = Release|Any CPU
		{E97353DF-5B51-4AE3-99F2-C1067EBC1C8D}.Debug|Any CPU.ActiveCfg = Debug|Any CPU
		{E97353DF-5B51-4AE3-99F2-C1067EBC1C8D}.Debug|Any CPU.Build.0 = Debug|Any CPU
		{E97353DF-5B51-4AE3-99F2-C1067EBC1C8D}.Release|Any CPU.ActiveCfg = Release|Any CPU
		{E97353DF-5B51-4AE3-99F2-C1067EBC1C8D}.Release|Any CPU.Build.0 = Release|Any CPU
		{DBB5669B-832F-4786-8F3C-9175AF272193}.Debug|Any CPU.ActiveCfg = Debug|Any CPU
		{DBB5669B-832F-4786-8F3C-9175AF272193}.Debug|Any CPU.Build.0 = Debug|Any CPU
		{DBB5669B-832F-4786-8F3C-9175AF272193}.Release|Any CPU.ActiveCfg = Release|Any CPU
		{DBB5669B-832F-4786-8F3C-9175AF272193}.Release|Any CPU.Build.0 = Release|Any CPU
	EndGlobalSection
	GlobalSection(SolutionProperties) = preSolution
		HideSolutionNode = FALSE
	EndGlobalSection
	GlobalSection(ExtensibilityGlobals) = postSolution
		SolutionGuid = {653C2FBF-00F1-4BF0-8380-964AC31CC083}
	EndGlobalSection
EndGlobal
