
Microsoft Visual Studio Solution File, Format Version 12.00
# Visual Studio 15
VisualStudioVersion = 15.0.27130.2027
MinimumVisualStudioVersion = 10.0.40219.1
Project("{FAE04EC0-301F-11D3-BF4B-00C04F79EFBC}") = "EnumsStatesAndStructures", "EnumsStatesAndStructures\EnumsStatesAndStructures.csproj", "{D615ED0F-3109-4513-A30D-504FD5A2B28C}"
EndProject
Project("{FAE04EC0-301F-11D3-BF4B-00C04F79EFBC}") = "TestingConsole", "TestingConsole\TestingConsole.csproj", "{CE38EDCD-5FEA-46AF-8485-505B9ED57B73}"
EndProject
Project("{FAE04EC0-301F-11D3-BF4B-00C04F79EFBC}") = "BankApp", "BankApp\BankApp.csproj", "{9F0E9D56-8B98-48FD-B362-B7BBDE7EFC6F}"
EndProject
Project("{FAE04EC0-301F-11D3-BF4B-00C04F79EFBC}") = "Arrays", "Arrays\Arrays.csproj", "{3148DD44-82D6-40CD-9DC4-3E1B0B30F986}"
EndProject
Project("{FAE04EC0-301F-11D3-BF4B-00C04F79EFBC}") = "Constructors", "Constructors\Constructors.csproj", "{D684F91D-FF76-4652-80F8-C02E1F6832AD}"
EndProject
Project("{FAE04EC0-301F-11D3-BF4B-00C04F79EFBC}") = "Delegates", "Delegates\Delegates.csproj", "{869BC115-C67C-48DC-BE99-9A2711332AD3}"
EndProject
Project("{FAE04EC0-301F-11D3-BF4B-00C04F79EFBC}") = "ExceptionsAndErrors", "ExceptionsAndErrors\ExceptionsAndErrors.csproj", "{8C564C80-BB45-46A9-B6E4-92A626709650}"
EndProject
Project("{FAE04EC0-301F-11D3-BF4B-00C04F79EFBC}") = "LearningMethods", "LearningMethods\LearningMethods.csproj", "{8EB2B224-A8B7-4306-B681-625659D8D53D}"
EndProject
Global
	GlobalSection(SolutionConfigurationPlatforms) = preSolution
		Debug|Any CPU = Debug|Any CPU
		Release|Any CPU = Release|Any CPU
	EndGlobalSection
	GlobalSection(ProjectConfigurationPlatforms) = postSolution
		{D615ED0F-3109-4513-A30D-504FD5A2B28C}.Debug|Any CPU.ActiveCfg = Debug|Any CPU
		{D615ED0F-3109-4513-A30D-504FD5A2B28C}.Debug|Any CPU.Build.0 = Debug|Any CPU
		{D615ED0F-3109-4513-A30D-504FD5A2B28C}.Release|Any CPU.ActiveCfg = Release|Any CPU
		{D615ED0F-3109-4513-A30D-504FD5A2B28C}.Release|Any CPU.Build.0 = Release|Any CPU
		{CE38EDCD-5FEA-46AF-8485-505B9ED57B73}.Debug|Any CPU.ActiveCfg = Debug|Any CPU
		{CE38EDCD-5FEA-46AF-8485-505B9ED57B73}.Debug|Any CPU.Build.0 = Debug|Any CPU
		{CE38EDCD-5FEA-46AF-8485-505B9ED57B73}.Release|Any CPU.ActiveCfg = Release|Any CPU
		{CE38EDCD-5FEA-46AF-8485-505B9ED57B73}.Release|Any CPU.Build.0 = Release|Any CPU
		{9F0E9D56-8B98-48FD-B362-B7BBDE7EFC6F}.Debug|Any CPU.ActiveCfg = Debug|Any CPU
		{9F0E9D56-8B98-48FD-B362-B7BBDE7EFC6F}.Debug|Any CPU.Build.0 = Debug|Any CPU
		{9F0E9D56-8B98-48FD-B362-B7BBDE7EFC6F}.Release|Any CPU.ActiveCfg = Release|Any CPU
		{9F0E9D56-8B98-48FD-B362-B7BBDE7EFC6F}.Release|Any CPU.Build.0 = Release|Any CPU
		{3148DD44-82D6-40CD-9DC4-3E1B0B30F986}.Debug|Any CPU.ActiveCfg = Debug|Any CPU
		{3148DD44-82D6-40CD-9DC4-3E1B0B30F986}.Debug|Any CPU.Build.0 = Debug|Any CPU
		{3148DD44-82D6-40CD-9DC4-3E1B0B30F986}.Release|Any CPU.ActiveCfg = Release|Any CPU
		{3148DD44-82D6-40CD-9DC4-3E1B0B30F986}.Release|Any CPU.Build.0 = Release|Any CPU
		{D684F91D-FF76-4652-80F8-C02E1F6832AD}.Debug|Any CPU.ActiveCfg = Debug|Any CPU
		{D684F91D-FF76-4652-80F8-C02E1F6832AD}.Debug|Any CPU.Build.0 = Debug|Any CPU
		{D684F91D-FF76-4652-80F8-C02E1F6832AD}.Release|Any CPU.ActiveCfg = Release|Any CPU
		{D684F91D-FF76-4652-80F8-C02E1F6832AD}.Release|Any CPU.Build.0 = Release|Any CPU
		{869BC115-C67C-48DC-BE99-9A2711332AD3}.Debug|Any CPU.ActiveCfg = Debug|Any CPU
		{869BC115-C67C-48DC-BE99-9A2711332AD3}.Debug|Any CPU.Build.0 = Debug|Any CPU
		{869BC115-C67C-48DC-BE99-9A2711332AD3}.Release|Any CPU.ActiveCfg = Release|Any CPU
		{869BC115-C67C-48DC-BE99-9A2711332AD3}.Release|Any CPU.Build.0 = Release|Any CPU
		{8C564C80-BB45-46A9-B6E4-92A626709650}.Debug|Any CPU.ActiveCfg = Debug|Any CPU
		{8C564C80-BB45-46A9-B6E4-92A626709650}.Debug|Any CPU.Build.0 = Debug|Any CPU
		{8C564C80-BB45-46A9-B6E4-92A626709650}.Release|Any CPU.ActiveCfg = Release|Any CPU
		{8C564C80-BB45-46A9-B6E4-92A626709650}.Release|Any CPU.Build.0 = Release|Any CPU
		{8EB2B224-A8B7-4306-B681-625659D8D53D}.Debug|Any CPU.ActiveCfg = Debug|Any CPU
		{8EB2B224-A8B7-4306-B681-625659D8D53D}.Debug|Any CPU.Build.0 = Debug|Any CPU
		{8EB2B224-A8B7-4306-B681-625659D8D53D}.Release|Any CPU.ActiveCfg = Release|Any CPU
		{8EB2B224-A8B7-4306-B681-625659D8D53D}.Release|Any CPU.Build.0 = Release|Any CPU
	EndGlobalSection
	GlobalSection(SolutionProperties) = preSolution
		HideSolutionNode = FALSE
	EndGlobalSection
	GlobalSection(ExtensibilityGlobals) = postSolution
		SolutionGuid = {653C2FBF-00F1-4BF0-8380-964AC31CC083}
	EndGlobalSection
EndGlobal
